
Microsoft Visual Studio Solution File, Format Version 12.00
# Visual Studio Version 17
VisualStudioVersion = 17.8.34112.27
MinimumVisualStudioVersion = 10.0.40219.1
Project("{9A19103F-16F7-4668-BE54-9A1E7A4F7556}") = "FindFirstOrDefaultBenchmark", "FindFirstOrDefault\FindFirstOrDefaultBenchmark.csproj", "{24D77632-0F4C-4688-B45D-B9E7D221291D}"
EndProject
Project("{FAE04EC0-301F-11D3-BF4B-00C04F79EFBC}") = "ExistsAnyConstainsBenchmark", "ExistsAnyContainsBenchMark\ExistsAnyContainsBenchmark.csproj", "{FFB24F23-19F0-4BE7-A651-5C5C438416C8}"
EndProject
Global
	GlobalSection(SolutionConfigurationPlatforms) = preSolution
		Debug|Any CPU = Debug|Any CPU
		Release|Any CPU = Release|Any CPU
	EndGlobalSection
	GlobalSection(ProjectConfigurationPlatforms) = postSolution
		{24D77632-0F4C-4688-B45D-B9E7D221291D}.Debug|Any CPU.ActiveCfg = Debug|Any CPU
		{24D77632-0F4C-4688-B45D-B9E7D221291D}.Debug|Any CPU.Build.0 = Debug|Any CPU
		{24D77632-0F4C-4688-B45D-B9E7D221291D}.Release|Any CPU.ActiveCfg = Release|Any CPU
		{24D77632-0F4C-4688-B45D-B9E7D221291D}.Release|Any CPU.Build.0 = Release|Any CPU
		{FFB24F23-19F0-4BE7-A651-5C5C438416C8}.Debug|Any CPU.ActiveCfg = Debug|Any CPU
		{FFB24F23-19F0-4BE7-A651-5C5C438416C8}.Debug|Any CPU.Build.0 = Debug|Any CPU
		{FFB24F23-19F0-4BE7-A651-5C5C438416C8}.Release|Any CPU.ActiveCfg = Release|Any CPU
		{FFB24F23-19F0-4BE7-A651-5C5C438416C8}.Release|Any CPU.Build.0 = Release|Any CPU
	EndGlobalSection
	GlobalSection(SolutionProperties) = preSolution
		HideSolutionNode = FALSE
	EndGlobalSection
	GlobalSection(ExtensibilityGlobals) = postSolution
		SolutionGuid = {068098F0-D3E2-456A-853B-A75F4AF6B820}
	EndGlobalSection
EndGlobal
