
Microsoft Visual Studio Solution File, Format Version 12.00
# Visual Studio Version 17
VisualStudioVersion = 17.8.34112.27
MinimumVisualStudioVersion = 10.0.40219.1
Project("{9A19103F-16F7-4668-BE54-9A1E7A4F7556}") = "FindFirstOrDefaultBenckmark", "FindFirstOrDefaultBenckmark.csproj", "{24D77632-0F4C-4688-B45D-B9E7D221291D}"
EndProject
Project("{2150E333-8FDC-42A3-9474-1A3956D46DE8}") = "FindFirst", "FindFirst", "{CB85B972-AA1F-4E55-95C3-9EF1FD8450BB}"
EndProject
Project("{FAE04EC0-301F-11D3-BF4B-00C04F79EFBC}") = "ConsoleApp1", "..\ConsoleApp1\ConsoleApp1.csproj", "{498A3EDF-EA45-4CCE-B76E-5C8B3B529701}"
EndProject
Global
	GlobalSection(SolutionConfigurationPlatforms) = preSolution
		Debug|Any CPU = Debug|Any CPU
		Release|Any CPU = Release|Any CPU
	EndGlobalSection
	GlobalSection(ProjectConfigurationPlatforms) = postSolution
		{24D77632-0F4C-4688-B45D-B9E7D221291D}.Debug|Any CPU.ActiveCfg = Debug|Any CPU
		{24D77632-0F4C-4688-B45D-B9E7D221291D}.Debug|Any CPU.Build.0 = Debug|Any CPU
		{24D77632-0F4C-4688-B45D-B9E7D221291D}.Release|Any CPU.ActiveCfg = Release|Any CPU
		{24D77632-0F4C-4688-B45D-B9E7D221291D}.Release|Any CPU.Build.0 = Release|Any CPU
		{498A3EDF-EA45-4CCE-B76E-5C8B3B529701}.Debug|Any CPU.ActiveCfg = Debug|Any CPU
		{498A3EDF-EA45-4CCE-B76E-5C8B3B529701}.Debug|Any CPU.Build.0 = Debug|Any CPU
		{498A3EDF-EA45-4CCE-B76E-5C8B3B529701}.Release|Any CPU.ActiveCfg = Release|Any CPU
		{498A3EDF-EA45-4CCE-B76E-5C8B3B529701}.Release|Any CPU.Build.0 = Release|Any CPU
	EndGlobalSection
	GlobalSection(SolutionProperties) = preSolution
		HideSolutionNode = FALSE
	EndGlobalSection
	GlobalSection(NestedProjects) = preSolution
		{24D77632-0F4C-4688-B45D-B9E7D221291D} = {CB85B972-AA1F-4E55-95C3-9EF1FD8450BB}
	EndGlobalSection
	GlobalSection(ExtensibilityGlobals) = postSolution
		SolutionGuid = {068098F0-D3E2-456A-853B-A75F4AF6B820}
	EndGlobalSection
EndGlobal
